
Microsoft Visual Studio Solution File, Format Version 12.00
# Visual Studio 14
VisualStudioVersion = 14.0.25123.0
MinimumVisualStudioVersion = 10.0.40219.1
Project("{8BC9CEB8-8B4A-11D0-8D11-00A0C91BC942}") = "tracer", "tracer\tracer.vcxproj", "{D661AE67-57C6-49FD-A256-E998F11290B4}"
EndProject
Project("{8BC9CEB8-8B4A-11D0-8D11-00A0C91BC942}") = "revtracer", "revtracer\revtracer.vcxproj", "{F348D3BE-A0A6-42C5-ACBE-806AC106ACC3}"
EndProject
Project("{8BC9CEB8-8B4A-11D0-8D11-00A0C91BC942}") = "notracer", "notracer\notracer.vcxproj", "{576B9478-3A8E-4CFB-9B8B-6C609AED4E31}"
EndProject
Project("{8BC9CEB8-8B4A-11D0-8D11-00A0C91BC942}") = "revtracerexe", "revtracerexe\revtracerexe.vcxproj", "{37068188-4560-46D5-8ECA-932407A8ED49}"
	ProjectSection(ProjectDependencies) = postProject
		{F348D3BE-A0A6-42C5-ACBE-806AC106ACC3} = {F348D3BE-A0A6-42C5-ACBE-806AC106ACC3}
	EndProjectSection
EndProject
Project("{8BC9CEB8-8B4A-11D0-8D11-00A0C91BC942}") = "loader", "loader\loader.vcxproj", "{A04D7B87-303A-422A-8E6B-63DC92B11663}"
EndProject
Project("{8BC9CEB8-8B4A-11D0-8D11-00A0C91BC942}") = "loader.test", "loader.test\loader.test.vcxproj", "{F35BBAE1-D0DA-421C-8652-8C5A45B98BC3}"
	ProjectSection(ProjectDependencies) = postProject
		{A04D7B87-303A-422A-8E6B-63DC92B11663} = {A04D7B87-303A-422A-8E6B-63DC92B11663}
	EndProjectSection
EndProject
Project("{8BC9CEB8-8B4A-11D0-8D11-00A0C91BC942}") = "ipclib", "ipclib\ipclib.vcxproj", "{3E5A9A80-186E-4D0A-9279-E2D7EFB66706}"
EndProject
Project("{2150E333-8FDC-42A3-9474-1A3956D46DE8}") = "tracers", "tracers", "{930B15E3-8D4C-4018-96FA-4970465FC571}"
EndProject
Project("{2150E333-8FDC-42A3-9474-1A3956D46DE8}") = "preloader", "preloader", "{073AF0B8-E01F-4C39-9EF0-41E55EACDEA9}"
EndProject
Project("{8BC9CEB8-8B4A-11D0-8D11-00A0C91BC942}") = "revmaster", "revmaster\revmaster.vcxproj", "{BF3D3D57-E671-4A69-BCC1-D739B02D0B24}"
	ProjectSection(ProjectDependencies) = postProject
		{3E5A9A80-186E-4D0A-9279-E2D7EFB66706} = {3E5A9A80-186E-4D0A-9279-E2D7EFB66706}
		{A04D7B87-303A-422A-8E6B-63DC92B11663} = {A04D7B87-303A-422A-8E6B-63DC92B11663}
		{F348D3BE-A0A6-42C5-ACBE-806AC106ACC3} = {F348D3BE-A0A6-42C5-ACBE-806AC106ACC3}
	EndProjectSection
EndProject
Project("{2150E333-8FDC-42A3-9474-1A3956D46DE8}") = "interface", "interface", "{CBA07A98-2DF0-454F-BE31-64BEE468F2A1}"
EndProject
Project("{8BC9CEB8-8B4A-11D0-8D11-00A0C91BC942}") = "Execution", "Execution\Execution.vcxproj", "{668C607E-2E3B-435D-9390-56BDB152C363}"
	ProjectSection(ProjectDependencies) = postProject
		{BF3D3D57-E671-4A69-BCC1-D739B02D0B24} = {BF3D3D57-E671-4A69-BCC1-D739B02D0B24}
		{3E5A9A80-186E-4D0A-9279-E2D7EFB66706} = {3E5A9A80-186E-4D0A-9279-E2D7EFB66706}
		{A04D7B87-303A-422A-8E6B-63DC92B11663} = {A04D7B87-303A-422A-8E6B-63DC92B11663}
		{3F22D7DF-8353-409A-8A65-3E1987E439C8} = {3F22D7DF-8353-409A-8A65-3E1987E439C8}
	EndProjectSection
EndProject
Project("{8BC9CEB8-8B4A-11D0-8D11-00A0C91BC942}") = "tracer.test", "tracer.test\tracer.test.vcxproj", "{BC87AB86-7BAC-459C-8D27-3646241C1D9C}"
	ProjectSection(ProjectDependencies) = postProject
		{668C607E-2E3B-435D-9390-56BDB152C363} = {668C607E-2E3B-435D-9390-56BDB152C363}
	EndProjectSection
EndProject
Project("{8BC9CEB8-8B4A-11D0-8D11-00A0C91BC942}") = "SymbolicDemo", "SymbolicDemo\SymbolicDemo.vcxproj", "{46888B68-5EAD-4787-B44B-1C20E8F13852}"
	ProjectSection(ProjectDependencies) = postProject
		{668C607E-2E3B-435D-9390-56BDB152C363} = {668C607E-2E3B-435D-9390-56BDB152C363}
		{F348D3BE-A0A6-42C5-ACBE-806AC106ACC3} = {F348D3BE-A0A6-42C5-ACBE-806AC106ACC3}
	EndProjectSection
EndProject
Project("{2150E333-8FDC-42A3-9474-1A3956D46DE8}") = "_subobjects", "_subobjects", "{C5303C5C-335C-41A1-8B57-C5AC2142989B}"
EndProject
Project("{8BC9CEB8-8B4A-11D0-8D11-00A0C91BC942}") = "LargeStack", "LargeStack\LargeStack.vcxproj", "{C2337D23-250D-4204-83B3-8381B64B729A}"
EndProject
Project("{8BC9CEB8-8B4A-11D0-8D11-00A0C91BC942}") = "execution.external.test", "execution.external.test\execution.external.test.vcxproj", "{DDD88C03-CD71-44D9-A245-8FBDFE4E38D2}"
	ProjectSection(ProjectDependencies) = postProject
		{668C607E-2E3B-435D-9390-56BDB152C363} = {668C607E-2E3B-435D-9390-56BDB152C363}
	EndProjectSection
EndProject
Project("{8BC9CEB8-8B4A-11D0-8D11-00A0C91BC942}") = "execution.inprocess.test", "execution.inprocess.test\execution.inprocess.test.vcxproj", "{F79ED47A-7A0D-49BC-B4D7-68BD24D5858C}"
	ProjectSection(ProjectDependencies) = postProject
		{668C607E-2E3B-435D-9390-56BDB152C363} = {668C607E-2E3B-435D-9390-56BDB152C363}
	EndProjectSection
EndProject
Project("{8BC9CEB8-8B4A-11D0-8D11-00A0C91BC942}") = "revtracer-wrapper", "revtracer-wrapper\revtracer-wrapper.vcxproj", "{3F22D7DF-8353-409A-8A65-3E1987E439C8}"
EndProject
Project("{8BC9CEB8-8B4A-11D0-8D11-00A0C91BC942}") = "SymbolicEnvironment", "SymbolicEnvironment\SymbolicEnvironment.vcxproj", "{56939285-B2AF-42A9-ADEB-E21411F84C55}"
EndProject
Project("{2150E333-8FDC-42A3-9474-1A3956D46DE8}") = "symbolic", "symbolic", "{B11D91D9-062D-44FC-81E3-835F08207CD3}"
EndProject
Project("{8BC9CEB8-8B4A-11D0-8D11-00A0C91BC942}") = "ExceptionTest", "ExceptionTest\ExceptionTest.vcxproj", "{826206F3-08A4-4DA8-80C3-F848AB2AC2CE}"
EndProject
Project("{8BC9CEB8-8B4A-11D0-8D11-00A0C91BC942}") = "SyscallNumbers", "SyscallNumbers\SyscallNumbers.vcxproj", "{B9540CEF-26EA-4EB1-B841-8F8A5446CAD8}"
EndProject
Global
	GlobalSection(SolutionConfigurationPlatforms) = preSolution
		Debug|Any CPU = Debug|Any CPU
		Debug|Mixed Platforms = Debug|Mixed Platforms
		Debug|Win32 = Debug|Win32
		Debug|x64 = Debug|x64
		Release|Any CPU = Release|Any CPU
		Release|Mixed Platforms = Release|Mixed Platforms
		Release|Win32 = Release|Win32
		Release|x64 = Release|x64
	EndGlobalSection
	GlobalSection(ProjectConfigurationPlatforms) = postSolution
		{D661AE67-57C6-49FD-A256-E998F11290B4}.Debug|Any CPU.ActiveCfg = Debug|Win32
		{D661AE67-57C6-49FD-A256-E998F11290B4}.Debug|Mixed Platforms.ActiveCfg = Debug|Win32
		{D661AE67-57C6-49FD-A256-E998F11290B4}.Debug|Mixed Platforms.Build.0 = Debug|Win32
		{D661AE67-57C6-49FD-A256-E998F11290B4}.Debug|Win32.ActiveCfg = Debug|Win32
		{D661AE67-57C6-49FD-A256-E998F11290B4}.Debug|Win32.Build.0 = Debug|Win32
		{D661AE67-57C6-49FD-A256-E998F11290B4}.Debug|x64.ActiveCfg = Debug|Win32
		{D661AE67-57C6-49FD-A256-E998F11290B4}.Release|Any CPU.ActiveCfg = Release|Win32
		{D661AE67-57C6-49FD-A256-E998F11290B4}.Release|Mixed Platforms.ActiveCfg = Release|Win32
		{D661AE67-57C6-49FD-A256-E998F11290B4}.Release|Mixed Platforms.Build.0 = Release|Win32
		{D661AE67-57C6-49FD-A256-E998F11290B4}.Release|Win32.ActiveCfg = Release|Win32
		{D661AE67-57C6-49FD-A256-E998F11290B4}.Release|Win32.Build.0 = Release|Win32
		{D661AE67-57C6-49FD-A256-E998F11290B4}.Release|x64.ActiveCfg = Release|Win32
		{F348D3BE-A0A6-42C5-ACBE-806AC106ACC3}.Debug|Any CPU.ActiveCfg = Debug|Win32
		{F348D3BE-A0A6-42C5-ACBE-806AC106ACC3}.Debug|Mixed Platforms.ActiveCfg = Debug|Win32
		{F348D3BE-A0A6-42C5-ACBE-806AC106ACC3}.Debug|Mixed Platforms.Build.0 = Debug|Win32
		{F348D3BE-A0A6-42C5-ACBE-806AC106ACC3}.Debug|Win32.ActiveCfg = Debug|Win32
		{F348D3BE-A0A6-42C5-ACBE-806AC106ACC3}.Debug|Win32.Build.0 = Debug|Win32
		{F348D3BE-A0A6-42C5-ACBE-806AC106ACC3}.Debug|x64.ActiveCfg = Debug|Win32
		{F348D3BE-A0A6-42C5-ACBE-806AC106ACC3}.Release|Any CPU.ActiveCfg = Release|Win32
		{F348D3BE-A0A6-42C5-ACBE-806AC106ACC3}.Release|Mixed Platforms.ActiveCfg = Release|Win32
		{F348D3BE-A0A6-42C5-ACBE-806AC106ACC3}.Release|Mixed Platforms.Build.0 = Release|Win32
		{F348D3BE-A0A6-42C5-ACBE-806AC106ACC3}.Release|Win32.ActiveCfg = Release|Win32
		{F348D3BE-A0A6-42C5-ACBE-806AC106ACC3}.Release|Win32.Build.0 = Release|Win32
		{F348D3BE-A0A6-42C5-ACBE-806AC106ACC3}.Release|x64.ActiveCfg = Release|Win32
		{576B9478-3A8E-4CFB-9B8B-6C609AED4E31}.Debug|Any CPU.ActiveCfg = Debug|Win32
		{576B9478-3A8E-4CFB-9B8B-6C609AED4E31}.Debug|Mixed Platforms.ActiveCfg = Debug|Win32
		{576B9478-3A8E-4CFB-9B8B-6C609AED4E31}.Debug|Mixed Platforms.Build.0 = Debug|Win32
		{576B9478-3A8E-4CFB-9B8B-6C609AED4E31}.Debug|Win32.ActiveCfg = Debug|Win32
		{576B9478-3A8E-4CFB-9B8B-6C609AED4E31}.Debug|Win32.Build.0 = Debug|Win32
		{576B9478-3A8E-4CFB-9B8B-6C609AED4E31}.Debug|x64.ActiveCfg = Debug|Win32
		{576B9478-3A8E-4CFB-9B8B-6C609AED4E31}.Release|Any CPU.ActiveCfg = Release|Win32
		{576B9478-3A8E-4CFB-9B8B-6C609AED4E31}.Release|Mixed Platforms.ActiveCfg = Release|Win32
		{576B9478-3A8E-4CFB-9B8B-6C609AED4E31}.Release|Mixed Platforms.Build.0 = Release|Win32
		{576B9478-3A8E-4CFB-9B8B-6C609AED4E31}.Release|Win32.ActiveCfg = Release|Win32
		{576B9478-3A8E-4CFB-9B8B-6C609AED4E31}.Release|Win32.Build.0 = Release|Win32
		{576B9478-3A8E-4CFB-9B8B-6C609AED4E31}.Release|x64.ActiveCfg = Release|Win32
		{37068188-4560-46D5-8ECA-932407A8ED49}.Debug|Any CPU.ActiveCfg = Debug|Win32
		{37068188-4560-46D5-8ECA-932407A8ED49}.Debug|Mixed Platforms.ActiveCfg = Debug|Win32
		{37068188-4560-46D5-8ECA-932407A8ED49}.Debug|Mixed Platforms.Build.0 = Debug|Win32
		{37068188-4560-46D5-8ECA-932407A8ED49}.Debug|Win32.ActiveCfg = Debug|Win32
		{37068188-4560-46D5-8ECA-932407A8ED49}.Debug|Win32.Build.0 = Debug|Win32
		{37068188-4560-46D5-8ECA-932407A8ED49}.Debug|x64.ActiveCfg = Debug|Win32
		{37068188-4560-46D5-8ECA-932407A8ED49}.Release|Any CPU.ActiveCfg = Release|Win32
		{37068188-4560-46D5-8ECA-932407A8ED49}.Release|Mixed Platforms.ActiveCfg = Release|Win32
		{37068188-4560-46D5-8ECA-932407A8ED49}.Release|Mixed Platforms.Build.0 = Release|Win32
		{37068188-4560-46D5-8ECA-932407A8ED49}.Release|Win32.ActiveCfg = Release|Win32
		{37068188-4560-46D5-8ECA-932407A8ED49}.Release|Win32.Build.0 = Release|Win32
		{37068188-4560-46D5-8ECA-932407A8ED49}.Release|x64.ActiveCfg = Release|Win32
		{A04D7B87-303A-422A-8E6B-63DC92B11663}.Debug|Any CPU.ActiveCfg = Debug|Win32
		{A04D7B87-303A-422A-8E6B-63DC92B11663}.Debug|Mixed Platforms.ActiveCfg = Debug|Win32
		{A04D7B87-303A-422A-8E6B-63DC92B11663}.Debug|Mixed Platforms.Build.0 = Debug|Win32
		{A04D7B87-303A-422A-8E6B-63DC92B11663}.Debug|Win32.ActiveCfg = Debug|Win32
		{A04D7B87-303A-422A-8E6B-63DC92B11663}.Debug|Win32.Build.0 = Debug|Win32
		{A04D7B87-303A-422A-8E6B-63DC92B11663}.Debug|x64.ActiveCfg = Debug|Win32
		{A04D7B87-303A-422A-8E6B-63DC92B11663}.Release|Any CPU.ActiveCfg = Release|Win32
		{A04D7B87-303A-422A-8E6B-63DC92B11663}.Release|Mixed Platforms.ActiveCfg = Release|Win32
		{A04D7B87-303A-422A-8E6B-63DC92B11663}.Release|Mixed Platforms.Build.0 = Release|Win32
		{A04D7B87-303A-422A-8E6B-63DC92B11663}.Release|Win32.ActiveCfg = Release|Win32
		{A04D7B87-303A-422A-8E6B-63DC92B11663}.Release|Win32.Build.0 = Release|Win32
		{A04D7B87-303A-422A-8E6B-63DC92B11663}.Release|x64.ActiveCfg = Release|Win32
		{F35BBAE1-D0DA-421C-8652-8C5A45B98BC3}.Debug|Any CPU.ActiveCfg = Debug|Win32
		{F35BBAE1-D0DA-421C-8652-8C5A45B98BC3}.Debug|Mixed Platforms.ActiveCfg = Debug|Win32
		{F35BBAE1-D0DA-421C-8652-8C5A45B98BC3}.Debug|Mixed Platforms.Build.0 = Debug|Win32
		{F35BBAE1-D0DA-421C-8652-8C5A45B98BC3}.Debug|Win32.ActiveCfg = Debug|Win32
		{F35BBAE1-D0DA-421C-8652-8C5A45B98BC3}.Debug|Win32.Build.0 = Debug|Win32
		{F35BBAE1-D0DA-421C-8652-8C5A45B98BC3}.Debug|x64.ActiveCfg = Debug|Win32
		{F35BBAE1-D0DA-421C-8652-8C5A45B98BC3}.Release|Any CPU.ActiveCfg = Release|Win32
		{F35BBAE1-D0DA-421C-8652-8C5A45B98BC3}.Release|Mixed Platforms.ActiveCfg = Release|Win32
		{F35BBAE1-D0DA-421C-8652-8C5A45B98BC3}.Release|Mixed Platforms.Build.0 = Release|Win32
		{F35BBAE1-D0DA-421C-8652-8C5A45B98BC3}.Release|Win32.ActiveCfg = Release|Win32
		{F35BBAE1-D0DA-421C-8652-8C5A45B98BC3}.Release|Win32.Build.0 = Release|Win32
		{F35BBAE1-D0DA-421C-8652-8C5A45B98BC3}.Release|x64.ActiveCfg = Release|Win32
		{3E5A9A80-186E-4D0A-9279-E2D7EFB66706}.Debug|Any CPU.ActiveCfg = Debug|Win32
		{3E5A9A80-186E-4D0A-9279-E2D7EFB66706}.Debug|Mixed Platforms.ActiveCfg = Debug|Win32
		{3E5A9A80-186E-4D0A-9279-E2D7EFB66706}.Debug|Mixed Platforms.Build.0 = Debug|Win32
		{3E5A9A80-186E-4D0A-9279-E2D7EFB66706}.Debug|Win32.ActiveCfg = Debug|Win32
		{3E5A9A80-186E-4D0A-9279-E2D7EFB66706}.Debug|Win32.Build.0 = Debug|Win32
		{3E5A9A80-186E-4D0A-9279-E2D7EFB66706}.Debug|x64.ActiveCfg = Debug|Win32
		{3E5A9A80-186E-4D0A-9279-E2D7EFB66706}.Release|Any CPU.ActiveCfg = Release|Win32
		{3E5A9A80-186E-4D0A-9279-E2D7EFB66706}.Release|Mixed Platforms.ActiveCfg = Release|Win32
		{3E5A9A80-186E-4D0A-9279-E2D7EFB66706}.Release|Mixed Platforms.Build.0 = Release|Win32
		{3E5A9A80-186E-4D0A-9279-E2D7EFB66706}.Release|Win32.ActiveCfg = Release|Win32
		{3E5A9A80-186E-4D0A-9279-E2D7EFB66706}.Release|Win32.Build.0 = Release|Win32
		{3E5A9A80-186E-4D0A-9279-E2D7EFB66706}.Release|x64.ActiveCfg = Release|Win32
		{BF3D3D57-E671-4A69-BCC1-D739B02D0B24}.Debug|Any CPU.ActiveCfg = Debug|Win32
		{BF3D3D57-E671-4A69-BCC1-D739B02D0B24}.Debug|Mixed Platforms.ActiveCfg = Debug|Win32
		{BF3D3D57-E671-4A69-BCC1-D739B02D0B24}.Debug|Mixed Platforms.Build.0 = Debug|Win32
		{BF3D3D57-E671-4A69-BCC1-D739B02D0B24}.Debug|Win32.ActiveCfg = Debug|Win32
		{BF3D3D57-E671-4A69-BCC1-D739B02D0B24}.Debug|Win32.Build.0 = Debug|Win32
		{BF3D3D57-E671-4A69-BCC1-D739B02D0B24}.Debug|x64.ActiveCfg = Debug|Win32
		{BF3D3D57-E671-4A69-BCC1-D739B02D0B24}.Release|Any CPU.ActiveCfg = Release|Win32
		{BF3D3D57-E671-4A69-BCC1-D739B02D0B24}.Release|Mixed Platforms.ActiveCfg = Release|Win32
		{BF3D3D57-E671-4A69-BCC1-D739B02D0B24}.Release|Mixed Platforms.Build.0 = Release|Win32
		{BF3D3D57-E671-4A69-BCC1-D739B02D0B24}.Release|Win32.ActiveCfg = Release|Win32
		{BF3D3D57-E671-4A69-BCC1-D739B02D0B24}.Release|Win32.Build.0 = Release|Win32
		{BF3D3D57-E671-4A69-BCC1-D739B02D0B24}.Release|x64.ActiveCfg = Release|Win32
		{668C607E-2E3B-435D-9390-56BDB152C363}.Debug|Any CPU.ActiveCfg = Debug|Win32
		{668C607E-2E3B-435D-9390-56BDB152C363}.Debug|Mixed Platforms.ActiveCfg = Debug|Win32
		{668C607E-2E3B-435D-9390-56BDB152C363}.Debug|Mixed Platforms.Build.0 = Debug|Win32
		{668C607E-2E3B-435D-9390-56BDB152C363}.Debug|Win32.ActiveCfg = Debug|Win32
		{668C607E-2E3B-435D-9390-56BDB152C363}.Debug|Win32.Build.0 = Debug|Win32
		{668C607E-2E3B-435D-9390-56BDB152C363}.Debug|x64.ActiveCfg = Debug|Win32
		{668C607E-2E3B-435D-9390-56BDB152C363}.Release|Any CPU.ActiveCfg = Release|Win32
		{668C607E-2E3B-435D-9390-56BDB152C363}.Release|Mixed Platforms.ActiveCfg = Release|Win32
		{668C607E-2E3B-435D-9390-56BDB152C363}.Release|Mixed Platforms.Build.0 = Release|Win32
		{668C607E-2E3B-435D-9390-56BDB152C363}.Release|Win32.ActiveCfg = Release|Win32
		{668C607E-2E3B-435D-9390-56BDB152C363}.Release|Win32.Build.0 = Release|Win32
		{668C607E-2E3B-435D-9390-56BDB152C363}.Release|x64.ActiveCfg = Release|Win32
		{BC87AB86-7BAC-459C-8D27-3646241C1D9C}.Debug|Any CPU.ActiveCfg = Debug|Win32
		{BC87AB86-7BAC-459C-8D27-3646241C1D9C}.Debug|Mixed Platforms.ActiveCfg = Debug|Win32
		{BC87AB86-7BAC-459C-8D27-3646241C1D9C}.Debug|Mixed Platforms.Build.0 = Debug|Win32
		{BC87AB86-7BAC-459C-8D27-3646241C1D9C}.Debug|Win32.ActiveCfg = Debug|Win32
		{BC87AB86-7BAC-459C-8D27-3646241C1D9C}.Debug|Win32.Build.0 = Debug|Win32
		{BC87AB86-7BAC-459C-8D27-3646241C1D9C}.Debug|x64.ActiveCfg = Debug|Win32
		{BC87AB86-7BAC-459C-8D27-3646241C1D9C}.Release|Any CPU.ActiveCfg = Release|Win32
		{BC87AB86-7BAC-459C-8D27-3646241C1D9C}.Release|Mixed Platforms.ActiveCfg = Release|Win32
		{BC87AB86-7BAC-459C-8D27-3646241C1D9C}.Release|Mixed Platforms.Build.0 = Release|Win32
		{BC87AB86-7BAC-459C-8D27-3646241C1D9C}.Release|Win32.ActiveCfg = Release|Win32
		{BC87AB86-7BAC-459C-8D27-3646241C1D9C}.Release|Win32.Build.0 = Release|Win32
		{BC87AB86-7BAC-459C-8D27-3646241C1D9C}.Release|x64.ActiveCfg = Release|Win32
		{46888B68-5EAD-4787-B44B-1C20E8F13852}.Debug|Any CPU.ActiveCfg = Debug|Win32
		{46888B68-5EAD-4787-B44B-1C20E8F13852}.Debug|Mixed Platforms.ActiveCfg = Debug|Win32
		{46888B68-5EAD-4787-B44B-1C20E8F13852}.Debug|Mixed Platforms.Build.0 = Debug|Win32
		{46888B68-5EAD-4787-B44B-1C20E8F13852}.Debug|Win32.ActiveCfg = Debug|Win32
		{46888B68-5EAD-4787-B44B-1C20E8F13852}.Debug|Win32.Build.0 = Debug|Win32
		{46888B68-5EAD-4787-B44B-1C20E8F13852}.Debug|x64.ActiveCfg = Debug|Win32
		{46888B68-5EAD-4787-B44B-1C20E8F13852}.Release|Any CPU.ActiveCfg = Release|Win32
		{46888B68-5EAD-4787-B44B-1C20E8F13852}.Release|Mixed Platforms.ActiveCfg = Release|Win32
		{46888B68-5EAD-4787-B44B-1C20E8F13852}.Release|Mixed Platforms.Build.0 = Release|Win32
		{46888B68-5EAD-4787-B44B-1C20E8F13852}.Release|Win32.ActiveCfg = Release|Win32
		{46888B68-5EAD-4787-B44B-1C20E8F13852}.Release|Win32.Build.0 = Release|Win32
		{46888B68-5EAD-4787-B44B-1C20E8F13852}.Release|x64.ActiveCfg = Release|Win32
		{C2337D23-250D-4204-83B3-8381B64B729A}.Debug|Any CPU.ActiveCfg = Debug|Win32
		{C2337D23-250D-4204-83B3-8381B64B729A}.Debug|Mixed Platforms.ActiveCfg = Debug|Win32
		{C2337D23-250D-4204-83B3-8381B64B729A}.Debug|Mixed Platforms.Build.0 = Debug|Win32
		{C2337D23-250D-4204-83B3-8381B64B729A}.Debug|Win32.ActiveCfg = Debug|Win32
		{C2337D23-250D-4204-83B3-8381B64B729A}.Debug|Win32.Build.0 = Debug|Win32
		{C2337D23-250D-4204-83B3-8381B64B729A}.Debug|x64.ActiveCfg = Debug|x64
		{C2337D23-250D-4204-83B3-8381B64B729A}.Debug|x64.Build.0 = Debug|x64
		{C2337D23-250D-4204-83B3-8381B64B729A}.Release|Any CPU.ActiveCfg = Release|Win32
		{C2337D23-250D-4204-83B3-8381B64B729A}.Release|Mixed Platforms.ActiveCfg = Release|Win32
		{C2337D23-250D-4204-83B3-8381B64B729A}.Release|Mixed Platforms.Build.0 = Release|Win32
		{C2337D23-250D-4204-83B3-8381B64B729A}.Release|Win32.ActiveCfg = Release|Win32
		{C2337D23-250D-4204-83B3-8381B64B729A}.Release|Win32.Build.0 = Release|Win32
		{C2337D23-250D-4204-83B3-8381B64B729A}.Release|x64.ActiveCfg = Release|x64
		{C2337D23-250D-4204-83B3-8381B64B729A}.Release|x64.Build.0 = Release|x64
		{DDD88C03-CD71-44D9-A245-8FBDFE4E38D2}.Debug|Any CPU.ActiveCfg = Debug|Win32
		{DDD88C03-CD71-44D9-A245-8FBDFE4E38D2}.Debug|Mixed Platforms.ActiveCfg = Debug|Win32
		{DDD88C03-CD71-44D9-A245-8FBDFE4E38D2}.Debug|Mixed Platforms.Build.0 = Debug|Win32
		{DDD88C03-CD71-44D9-A245-8FBDFE4E38D2}.Debug|Win32.ActiveCfg = Debug|Win32
		{DDD88C03-CD71-44D9-A245-8FBDFE4E38D2}.Debug|Win32.Build.0 = Debug|Win32
		{DDD88C03-CD71-44D9-A245-8FBDFE4E38D2}.Debug|x64.ActiveCfg = Debug|Win32
		{DDD88C03-CD71-44D9-A245-8FBDFE4E38D2}.Release|Any CPU.ActiveCfg = Release|Win32
		{DDD88C03-CD71-44D9-A245-8FBDFE4E38D2}.Release|Mixed Platforms.ActiveCfg = Release|Win32
		{DDD88C03-CD71-44D9-A245-8FBDFE4E38D2}.Release|Mixed Platforms.Build.0 = Release|Win32
		{DDD88C03-CD71-44D9-A245-8FBDFE4E38D2}.Release|Win32.ActiveCfg = Release|Win32
		{DDD88C03-CD71-44D9-A245-8FBDFE4E38D2}.Release|Win32.Build.0 = Release|Win32
		{DDD88C03-CD71-44D9-A245-8FBDFE4E38D2}.Release|x64.ActiveCfg = Release|Win32
		{F79ED47A-7A0D-49BC-B4D7-68BD24D5858C}.Debug|Any CPU.ActiveCfg = Debug|Win32
		{F79ED47A-7A0D-49BC-B4D7-68BD24D5858C}.Debug|Mixed Platforms.ActiveCfg = Debug|Win32
		{F79ED47A-7A0D-49BC-B4D7-68BD24D5858C}.Debug|Mixed Platforms.Build.0 = Debug|Win32
		{F79ED47A-7A0D-49BC-B4D7-68BD24D5858C}.Debug|Win32.ActiveCfg = Debug|Win32
		{F79ED47A-7A0D-49BC-B4D7-68BD24D5858C}.Debug|Win32.Build.0 = Debug|Win32
		{F79ED47A-7A0D-49BC-B4D7-68BD24D5858C}.Debug|x64.ActiveCfg = Debug|Win32
		{F79ED47A-7A0D-49BC-B4D7-68BD24D5858C}.Release|Any CPU.ActiveCfg = Release|Win32
		{F79ED47A-7A0D-49BC-B4D7-68BD24D5858C}.Release|Mixed Platforms.ActiveCfg = Release|Win32
		{F79ED47A-7A0D-49BC-B4D7-68BD24D5858C}.Release|Mixed Platforms.Build.0 = Release|Win32
		{F79ED47A-7A0D-49BC-B4D7-68BD24D5858C}.Release|Win32.ActiveCfg = Release|Win32
		{F79ED47A-7A0D-49BC-B4D7-68BD24D5858C}.Release|Win32.Build.0 = Release|Win32
		{F79ED47A-7A0D-49BC-B4D7-68BD24D5858C}.Release|x64.ActiveCfg = Release|Win32
		{3F22D7DF-8353-409A-8A65-3E1987E439C8}.Debug|Any CPU.ActiveCfg = Debug|Win32
		{3F22D7DF-8353-409A-8A65-3E1987E439C8}.Debug|Mixed Platforms.ActiveCfg = Debug|Win32
		{3F22D7DF-8353-409A-8A65-3E1987E439C8}.Debug|Mixed Platforms.Build.0 = Debug|Win32
		{3F22D7DF-8353-409A-8A65-3E1987E439C8}.Debug|Win32.ActiveCfg = Debug|Win32
		{3F22D7DF-8353-409A-8A65-3E1987E439C8}.Debug|Win32.Build.0 = Debug|Win32
		{3F22D7DF-8353-409A-8A65-3E1987E439C8}.Debug|x64.ActiveCfg = Debug|x64
		{3F22D7DF-8353-409A-8A65-3E1987E439C8}.Debug|x64.Build.0 = Debug|x64
		{3F22D7DF-8353-409A-8A65-3E1987E439C8}.Release|Any CPU.ActiveCfg = Release|Win32
		{3F22D7DF-8353-409A-8A65-3E1987E439C8}.Release|Mixed Platforms.ActiveCfg = Release|Win32
		{3F22D7DF-8353-409A-8A65-3E1987E439C8}.Release|Mixed Platforms.Build.0 = Release|Win32
		{3F22D7DF-8353-409A-8A65-3E1987E439C8}.Release|Win32.ActiveCfg = Release|Win32
		{3F22D7DF-8353-409A-8A65-3E1987E439C8}.Release|Win32.Build.0 = Release|Win32
		{3F22D7DF-8353-409A-8A65-3E1987E439C8}.Release|x64.ActiveCfg = Release|x64
		{3F22D7DF-8353-409A-8A65-3E1987E439C8}.Release|x64.Build.0 = Release|x64
		{56939285-B2AF-42A9-ADEB-E21411F84C55}.Debug|Any CPU.ActiveCfg = Debug|Win32
		{56939285-B2AF-42A9-ADEB-E21411F84C55}.Debug|Mixed Platforms.ActiveCfg = Debug|Win32
		{56939285-B2AF-42A9-ADEB-E21411F84C55}.Debug|Mixed Platforms.Build.0 = Debug|Win32
		{56939285-B2AF-42A9-ADEB-E21411F84C55}.Debug|Win32.ActiveCfg = Debug|Win32
		{56939285-B2AF-42A9-ADEB-E21411F84C55}.Debug|Win32.Build.0 = Debug|Win32
		{56939285-B2AF-42A9-ADEB-E21411F84C55}.Debug|x64.ActiveCfg = Debug|x64
		{56939285-B2AF-42A9-ADEB-E21411F84C55}.Debug|x64.Build.0 = Debug|x64
		{56939285-B2AF-42A9-ADEB-E21411F84C55}.Release|Any CPU.ActiveCfg = Release|Win32
		{56939285-B2AF-42A9-ADEB-E21411F84C55}.Release|Mixed Platforms.ActiveCfg = Release|Win32
		{56939285-B2AF-42A9-ADEB-E21411F84C55}.Release|Mixed Platforms.Build.0 = Release|Win32
		{56939285-B2AF-42A9-ADEB-E21411F84C55}.Release|Win32.ActiveCfg = Release|Win32
		{56939285-B2AF-42A9-ADEB-E21411F84C55}.Release|Win32.Build.0 = Release|Win32
		{56939285-B2AF-42A9-ADEB-E21411F84C55}.Release|x64.ActiveCfg = Release|x64
		{56939285-B2AF-42A9-ADEB-E21411F84C55}.Release|x64.Build.0 = Release|x64
		{826206F3-08A4-4DA8-80C3-F848AB2AC2CE}.Debug|Any CPU.ActiveCfg = Debug|Win32
		{826206F3-08A4-4DA8-80C3-F848AB2AC2CE}.Debug|Mixed Platforms.ActiveCfg = Debug|Win32
		{826206F3-08A4-4DA8-80C3-F848AB2AC2CE}.Debug|Mixed Platforms.Build.0 = Debug|Win32
		{826206F3-08A4-4DA8-80C3-F848AB2AC2CE}.Debug|Win32.ActiveCfg = Debug|Win32
		{826206F3-08A4-4DA8-80C3-F848AB2AC2CE}.Debug|Win32.Build.0 = Debug|Win32
		{826206F3-08A4-4DA8-80C3-F848AB2AC2CE}.Debug|x64.ActiveCfg = Debug|x64
		{826206F3-08A4-4DA8-80C3-F848AB2AC2CE}.Debug|x64.Build.0 = Debug|x64
		{826206F3-08A4-4DA8-80C3-F848AB2AC2CE}.Release|Any CPU.ActiveCfg = Release|Win32
		{826206F3-08A4-4DA8-80C3-F848AB2AC2CE}.Release|Mixed Platforms.ActiveCfg = Release|Win32
		{826206F3-08A4-4DA8-80C3-F848AB2AC2CE}.Release|Mixed Platforms.Build.0 = Release|Win32
		{826206F3-08A4-4DA8-80C3-F848AB2AC2CE}.Release|Win32.ActiveCfg = Release|Win32
		{826206F3-08A4-4DA8-80C3-F848AB2AC2CE}.Release|Win32.Build.0 = Release|Win32
		{826206F3-08A4-4DA8-80C3-F848AB2AC2CE}.Release|x64.ActiveCfg = Release|x64
		{826206F3-08A4-4DA8-80C3-F848AB2AC2CE}.Release|x64.Build.0 = Release|x64
		{B9540CEF-26EA-4EB1-B841-8F8A5446CAD8}.Debug|Any CPU.ActiveCfg = Debug|Win32
		{B9540CEF-26EA-4EB1-B841-8F8A5446CAD8}.Debug|Mixed Platforms.ActiveCfg = Debug|Win32
		{B9540CEF-26EA-4EB1-B841-8F8A5446CAD8}.Debug|Mixed Platforms.Build.0 = Debug|Win32
		{B9540CEF-26EA-4EB1-B841-8F8A5446CAD8}.Debug|Win32.ActiveCfg = Debug|Win32
		{B9540CEF-26EA-4EB1-B841-8F8A5446CAD8}.Debug|Win32.Build.0 = Debug|Win32
		{B9540CEF-26EA-4EB1-B841-8F8A5446CAD8}.Debug|x64.ActiveCfg = Debug|x64
		{B9540CEF-26EA-4EB1-B841-8F8A5446CAD8}.Debug|x64.Build.0 = Debug|x64
		{B9540CEF-26EA-4EB1-B841-8F8A5446CAD8}.Release|Any CPU.ActiveCfg = Release|Win32
		{B9540CEF-26EA-4EB1-B841-8F8A5446CAD8}.Release|Mixed Platforms.ActiveCfg = Release|Win32
		{B9540CEF-26EA-4EB1-B841-8F8A5446CAD8}.Release|Mixed Platforms.Build.0 = Release|Win32
		{B9540CEF-26EA-4EB1-B841-8F8A5446CAD8}.Release|Win32.ActiveCfg = Release|Win32
		{B9540CEF-26EA-4EB1-B841-8F8A5446CAD8}.Release|Win32.Build.0 = Release|Win32
		{B9540CEF-26EA-4EB1-B841-8F8A5446CAD8}.Release|x64.ActiveCfg = Release|x64
		{B9540CEF-26EA-4EB1-B841-8F8A5446CAD8}.Release|x64.Build.0 = Release|x64
	EndGlobalSection
	GlobalSection(SolutionProperties) = preSolution
		HideSolutionNode = FALSE
	EndGlobalSection
	GlobalSection(NestedProjects) = preSolution
		{D661AE67-57C6-49FD-A256-E998F11290B4} = {930B15E3-8D4C-4018-96FA-4970465FC571}
		{F348D3BE-A0A6-42C5-ACBE-806AC106ACC3} = {930B15E3-8D4C-4018-96FA-4970465FC571}
		{576B9478-3A8E-4CFB-9B8B-6C609AED4E31} = {930B15E3-8D4C-4018-96FA-4970465FC571}
		{A04D7B87-303A-422A-8E6B-63DC92B11663} = {073AF0B8-E01F-4C39-9EF0-41E55EACDEA9}
		{F35BBAE1-D0DA-421C-8652-8C5A45B98BC3} = {073AF0B8-E01F-4C39-9EF0-41E55EACDEA9}
		{668C607E-2E3B-435D-9390-56BDB152C363} = {CBA07A98-2DF0-454F-BE31-64BEE468F2A1}
		{BC87AB86-7BAC-459C-8D27-3646241C1D9C} = {CBA07A98-2DF0-454F-BE31-64BEE468F2A1}
		{46888B68-5EAD-4787-B44B-1C20E8F13852} = {B11D91D9-062D-44FC-81E3-835F08207CD3}
		{C2337D23-250D-4204-83B3-8381B64B729A} = {C5303C5C-335C-41A1-8B57-C5AC2142989B}
		{DDD88C03-CD71-44D9-A245-8FBDFE4E38D2} = {CBA07A98-2DF0-454F-BE31-64BEE468F2A1}
		{F79ED47A-7A0D-49BC-B4D7-68BD24D5858C} = {CBA07A98-2DF0-454F-BE31-64BEE468F2A1}
		{3F22D7DF-8353-409A-8A65-3E1987E439C8} = {CBA07A98-2DF0-454F-BE31-64BEE468F2A1}
		{56939285-B2AF-42A9-ADEB-E21411F84C55} = {B11D91D9-062D-44FC-81E3-835F08207CD3}
		{826206F3-08A4-4DA8-80C3-F848AB2AC2CE} = {C5303C5C-335C-41A1-8B57-C5AC2142989B}
		{B9540CEF-26EA-4EB1-B841-8F8A5446CAD8} = {C5303C5C-335C-41A1-8B57-C5AC2142989B}
	EndGlobalSection
EndGlobal
